
Microsoft Visual Studio Solution File, Format Version 12.00
# Visual Studio Version 16
VisualStudioVersion = 16.0.30621.155
MinimumVisualStudioVersion = 10.0.40219.1
Project("{9A19103F-16F7-4668-BE54-9A1E7A4F7556}") = "Uppgift 1", "Uppgift1\Uppgift 1.csproj", "{DE348BF1-5163-4710-9667-0B9614674C47}"
EndProject
Project("{9A19103F-16F7-4668-BE54-9A1E7A4F7556}") = "Uppgift2", "Uppgift2\Uppgift2.csproj", "{DB6C63C9-1B87-42E6-9519-5901E9A463AF}"
EndProject
Project("{9A19103F-16F7-4668-BE54-9A1E7A4F7556}") = "Uppgift3", "Uppgift3\Uppgift3.csproj", "{9BEE7CE9-C110-4125-9142-5EE9ECBA68BE}"
EndProject
Project("{9A19103F-16F7-4668-BE54-9A1E7A4F7556}") = "Uppgift4", "Uppgift4\Uppgift4.csproj", "{849E49A7-5FAD-4D80-8EAA-B98E40243939}"
EndProject
Project("{9A19103F-16F7-4668-BE54-9A1E7A4F7556}") = "Uppgift5", "Uppgift5\Uppgift5.csproj", "{9B191F9D-5737-4770-A820-76F22619F0B8}"
EndProject
Project("{9A19103F-16F7-4668-BE54-9A1E7A4F7556}") = "Uppgift6", "Uppgift6\Uppgift6.csproj", "{1006F174-9C28-4ABD-903A-935C811D746F}"
EndProject
Project("{9A19103F-16F7-4668-BE54-9A1E7A4F7556}") = "Uppgift7", "Uppgift7\Uppgift7.csproj", "{8C8D84EB-D623-411A-BA49-032754510A0C}"
EndProject
Project("{9A19103F-16F7-4668-BE54-9A1E7A4F7556}") = "Uppgift8", "Uppgift8\Uppgift8.csproj", "{549D9EF3-7059-4C90-AF0E-D2F116DC8AB5}"
EndProject
Project("{9A19103F-16F7-4668-BE54-9A1E7A4F7556}") = "Uppgift9", "Uppgift9\Uppgift9.csproj", "{8B612A64-9805-4DE9-8458-84E349193D10}"
EndProject
Project("{9A19103F-16F7-4668-BE54-9A1E7A4F7556}") = "Uppgift10", "Uppgift10\Uppgift10.csproj", "{4DFEA052-2F60-4397-A4A7-173AABD719F2}"
EndProject
Project("{9A19103F-16F7-4668-BE54-9A1E7A4F7556}") = "Uppgift11", "Uppgift11\Uppgift11.csproj", "{73C67809-B488-4DCE-BC12-DA1F0D4E9389}"
EndProject
Project("{9A19103F-16F7-4668-BE54-9A1E7A4F7556}") = "Uppgift12", "Uppgift12\Uppgift12.csproj", "{A5ABBDD9-46D1-47D9-9218-6C012C704BAB}"
EndProject
Project("{9A19103F-16F7-4668-BE54-9A1E7A4F7556}") = "Uppgift13", "Uppgift13\Uppgift13.csproj", "{4DE130EB-116B-46A6-A322-28EDCB67DF5E}"
EndProject
Project("{9A19103F-16F7-4668-BE54-9A1E7A4F7556}") = "Uppgift14", "Uppgift14\Uppgift14.csproj", "{BDE556A7-F451-4892-8D36-7BDDFAA25E4B}"
EndProject
Project("{9A19103F-16F7-4668-BE54-9A1E7A4F7556}") = "Uppgift15", "Uppgift15\Uppgift15.csproj", "{98757FF1-FF81-4221-AE7B-8BC849A55AA8}"
EndProject
Project("{9A19103F-16F7-4668-BE54-9A1E7A4F7556}") = "HarryPotter1", "HarryPotter1\HarryPotter1.csproj", "{A69F51AC-8D90-43B5-A711-83F29A0CC382}"
EndProject
Project("{FAE04EC0-301F-11D3-BF4B-00C04F79EFBC}") = "GodisKalkylator", "GodisKalkylator\GodisKalkylator.csproj", "{23536F4F-0511-454C-A5DA-B8B58C24A4D3}"
EndProject
Global
	GlobalSection(SolutionConfigurationPlatforms) = preSolution
		Debug|Any CPU = Debug|Any CPU
		Release|Any CPU = Release|Any CPU
	EndGlobalSection
	GlobalSection(ProjectConfigurationPlatforms) = postSolution
		{DE348BF1-5163-4710-9667-0B9614674C47}.Debug|Any CPU.ActiveCfg = Debug|Any CPU
		{DE348BF1-5163-4710-9667-0B9614674C47}.Debug|Any CPU.Build.0 = Debug|Any CPU
		{DE348BF1-5163-4710-9667-0B9614674C47}.Release|Any CPU.ActiveCfg = Release|Any CPU
		{DE348BF1-5163-4710-9667-0B9614674C47}.Release|Any CPU.Build.0 = Release|Any CPU
		{DB6C63C9-1B87-42E6-9519-5901E9A463AF}.Debug|Any CPU.ActiveCfg = Debug|Any CPU
		{DB6C63C9-1B87-42E6-9519-5901E9A463AF}.Debug|Any CPU.Build.0 = Debug|Any CPU
		{DB6C63C9-1B87-42E6-9519-5901E9A463AF}.Release|Any CPU.ActiveCfg = Release|Any CPU
		{DB6C63C9-1B87-42E6-9519-5901E9A463AF}.Release|Any CPU.Build.0 = Release|Any CPU
		{9BEE7CE9-C110-4125-9142-5EE9ECBA68BE}.Debug|Any CPU.ActiveCfg = Debug|Any CPU
		{9BEE7CE9-C110-4125-9142-5EE9ECBA68BE}.Debug|Any CPU.Build.0 = Debug|Any CPU
		{9BEE7CE9-C110-4125-9142-5EE9ECBA68BE}.Release|Any CPU.ActiveCfg = Release|Any CPU
		{9BEE7CE9-C110-4125-9142-5EE9ECBA68BE}.Release|Any CPU.Build.0 = Release|Any CPU
		{849E49A7-5FAD-4D80-8EAA-B98E40243939}.Debug|Any CPU.ActiveCfg = Debug|Any CPU
		{849E49A7-5FAD-4D80-8EAA-B98E40243939}.Debug|Any CPU.Build.0 = Debug|Any CPU
		{849E49A7-5FAD-4D80-8EAA-B98E40243939}.Release|Any CPU.ActiveCfg = Release|Any CPU
		{849E49A7-5FAD-4D80-8EAA-B98E40243939}.Release|Any CPU.Build.0 = Release|Any CPU
		{9B191F9D-5737-4770-A820-76F22619F0B8}.Debug|Any CPU.ActiveCfg = Debug|Any CPU
		{9B191F9D-5737-4770-A820-76F22619F0B8}.Debug|Any CPU.Build.0 = Debug|Any CPU
		{9B191F9D-5737-4770-A820-76F22619F0B8}.Release|Any CPU.ActiveCfg = Release|Any CPU
		{9B191F9D-5737-4770-A820-76F22619F0B8}.Release|Any CPU.Build.0 = Release|Any CPU
		{1006F174-9C28-4ABD-903A-935C811D746F}.Debug|Any CPU.ActiveCfg = Debug|Any CPU
		{1006F174-9C28-4ABD-903A-935C811D746F}.Debug|Any CPU.Build.0 = Debug|Any CPU
		{1006F174-9C28-4ABD-903A-935C811D746F}.Release|Any CPU.ActiveCfg = Release|Any CPU
		{1006F174-9C28-4ABD-903A-935C811D746F}.Release|Any CPU.Build.0 = Release|Any CPU
		{8C8D84EB-D623-411A-BA49-032754510A0C}.Debug|Any CPU.ActiveCfg = Debug|Any CPU
		{8C8D84EB-D623-411A-BA49-032754510A0C}.Debug|Any CPU.Build.0 = Debug|Any CPU
		{8C8D84EB-D623-411A-BA49-032754510A0C}.Release|Any CPU.ActiveCfg = Release|Any CPU
		{8C8D84EB-D623-411A-BA49-032754510A0C}.Release|Any CPU.Build.0 = Release|Any CPU
		{549D9EF3-7059-4C90-AF0E-D2F116DC8AB5}.Debug|Any CPU.ActiveCfg = Debug|Any CPU
		{549D9EF3-7059-4C90-AF0E-D2F116DC8AB5}.Debug|Any CPU.Build.0 = Debug|Any CPU
		{549D9EF3-7059-4C90-AF0E-D2F116DC8AB5}.Release|Any CPU.ActiveCfg = Release|Any CPU
		{549D9EF3-7059-4C90-AF0E-D2F116DC8AB5}.Release|Any CPU.Build.0 = Release|Any CPU
		{8B612A64-9805-4DE9-8458-84E349193D10}.Debug|Any CPU.ActiveCfg = Debug|Any CPU
		{8B612A64-9805-4DE9-8458-84E349193D10}.Debug|Any CPU.Build.0 = Debug|Any CPU
		{8B612A64-9805-4DE9-8458-84E349193D10}.Release|Any CPU.ActiveCfg = Release|Any CPU
		{8B612A64-9805-4DE9-8458-84E349193D10}.Release|Any CPU.Build.0 = Release|Any CPU
		{4DFEA052-2F60-4397-A4A7-173AABD719F2}.Debug|Any CPU.ActiveCfg = Debug|Any CPU
		{4DFEA052-2F60-4397-A4A7-173AABD719F2}.Debug|Any CPU.Build.0 = Debug|Any CPU
		{4DFEA052-2F60-4397-A4A7-173AABD719F2}.Release|Any CPU.ActiveCfg = Release|Any CPU
		{4DFEA052-2F60-4397-A4A7-173AABD719F2}.Release|Any CPU.Build.0 = Release|Any CPU
		{73C67809-B488-4DCE-BC12-DA1F0D4E9389}.Debug|Any CPU.ActiveCfg = Debug|Any CPU
		{73C67809-B488-4DCE-BC12-DA1F0D4E9389}.Debug|Any CPU.Build.0 = Debug|Any CPU
		{73C67809-B488-4DCE-BC12-DA1F0D4E9389}.Release|Any CPU.ActiveCfg = Release|Any CPU
		{73C67809-B488-4DCE-BC12-DA1F0D4E9389}.Release|Any CPU.Build.0 = Release|Any CPU
		{A5ABBDD9-46D1-47D9-9218-6C012C704BAB}.Debug|Any CPU.ActiveCfg = Debug|Any CPU
		{A5ABBDD9-46D1-47D9-9218-6C012C704BAB}.Debug|Any CPU.Build.0 = Debug|Any CPU
		{A5ABBDD9-46D1-47D9-9218-6C012C704BAB}.Release|Any CPU.ActiveCfg = Release|Any CPU
		{A5ABBDD9-46D1-47D9-9218-6C012C704BAB}.Release|Any CPU.Build.0 = Release|Any CPU
		{4DE130EB-116B-46A6-A322-28EDCB67DF5E}.Debug|Any CPU.ActiveCfg = Debug|Any CPU
		{4DE130EB-116B-46A6-A322-28EDCB67DF5E}.Debug|Any CPU.Build.0 = Debug|Any CPU
		{4DE130EB-116B-46A6-A322-28EDCB67DF5E}.Release|Any CPU.ActiveCfg = Release|Any CPU
		{4DE130EB-116B-46A6-A322-28EDCB67DF5E}.Release|Any CPU.Build.0 = Release|Any CPU
		{BDE556A7-F451-4892-8D36-7BDDFAA25E4B}.Debug|Any CPU.ActiveCfg = Debug|Any CPU
		{BDE556A7-F451-4892-8D36-7BDDFAA25E4B}.Debug|Any CPU.Build.0 = Debug|Any CPU
		{BDE556A7-F451-4892-8D36-7BDDFAA25E4B}.Release|Any CPU.ActiveCfg = Release|Any CPU
		{BDE556A7-F451-4892-8D36-7BDDFAA25E4B}.Release|Any CPU.Build.0 = Release|Any CPU
		{98757FF1-FF81-4221-AE7B-8BC849A55AA8}.Debug|Any CPU.ActiveCfg = Debug|Any CPU
		{98757FF1-FF81-4221-AE7B-8BC849A55AA8}.Debug|Any CPU.Build.0 = Debug|Any CPU
		{98757FF1-FF81-4221-AE7B-8BC849A55AA8}.Release|Any CPU.ActiveCfg = Release|Any CPU
		{98757FF1-FF81-4221-AE7B-8BC849A55AA8}.Release|Any CPU.Build.0 = Release|Any CPU
		{A69F51AC-8D90-43B5-A711-83F29A0CC382}.Debug|Any CPU.ActiveCfg = Debug|Any CPU
		{A69F51AC-8D90-43B5-A711-83F29A0CC382}.Debug|Any CPU.Build.0 = Debug|Any CPU
		{A69F51AC-8D90-43B5-A711-83F29A0CC382}.Release|Any CPU.ActiveCfg = Release|Any CPU
		{A69F51AC-8D90-43B5-A711-83F29A0CC382}.Release|Any CPU.Build.0 = Release|Any CPU
		{23536F4F-0511-454C-A5DA-B8B58C24A4D3}.Debug|Any CPU.ActiveCfg = Debug|Any CPU
		{23536F4F-0511-454C-A5DA-B8B58C24A4D3}.Debug|Any CPU.Build.0 = Debug|Any CPU
		{23536F4F-0511-454C-A5DA-B8B58C24A4D3}.Release|Any CPU.ActiveCfg = Release|Any CPU
		{23536F4F-0511-454C-A5DA-B8B58C24A4D3}.Release|Any CPU.Build.0 = Release|Any CPU
	EndGlobalSection
	GlobalSection(SolutionProperties) = preSolution
		HideSolutionNode = FALSE
	EndGlobalSection
	GlobalSection(ExtensibilityGlobals) = postSolution
		SolutionGuid = {22E56BA7-1D61-4621-B9BD-B65A517F2B13}
	EndGlobalSection
EndGlobal
